
Microsoft Visual Studio Solution File, Format Version 12.00
# Visual Studio 15
VisualStudioVersion = 15.0.26730.12
MinimumVisualStudioVersion = 10.0.40219.1
Project("{FAE04EC0-301F-11D3-BF4B-00C04F79EFBC}") = "Start", "Start.csproj", "{F1334FC5-C1BB-42C6-AFF8-833DDA50C1CA}"
EndProject
Project("{FAE04EC0-301F-11D3-BF4B-00C04F79EFBC}") = "End", "..\End\End.csproj", "{D4DD9FE6-4B5A-4553-9800-D390DEDBDCF1}"
EndProject
Global
	GlobalSection(SolutionConfigurationPlatforms) = preSolution
		Debug|Any CPU = Debug|Any CPU
		Release|Any CPU = Release|Any CPU
	EndGlobalSection
	GlobalSection(ProjectConfigurationPlatforms) = postSolution
		{F1334FC5-C1BB-42C6-AFF8-833DDA50C1CA}.Debug|Any CPU.ActiveCfg = Debug|Any CPU
		{F1334FC5-C1BB-42C6-AFF8-833DDA50C1CA}.Debug|Any CPU.Build.0 = Debug|Any CPU
		{F1334FC5-C1BB-42C6-AFF8-833DDA50C1CA}.Release|Any CPU.ActiveCfg = Release|Any CPU
		{F1334FC5-C1BB-42C6-AFF8-833DDA50C1CA}.Release|Any CPU.Build.0 = Release|Any CPU
		{D4DD9FE6-4B5A-4553-9800-D390DEDBDCF1}.Debug|Any CPU.ActiveCfg = Debug|Any CPU
		{D4DD9FE6-4B5A-4553-9800-D390DEDBDCF1}.Debug|Any CPU.Build.0 = Debug|Any CPU
		{D4DD9FE6-4B5A-4553-9800-D390DEDBDCF1}.Release|Any CPU.ActiveCfg = Release|Any CPU
		{D4DD9FE6-4B5A-4553-9800-D390DEDBDCF1}.Release|Any CPU.Build.0 = Release|Any CPU
	EndGlobalSection
	GlobalSection(SolutionProperties) = preSolution
		HideSolutionNode = FALSE
	EndGlobalSection
	GlobalSection(ExtensibilityGlobals) = postSolution
		SolutionGuid = {41382E28-2133-4313-BA8F-7A0A0B22E00B}
	EndGlobalSection
EndGlobal
